# This file is @generated by PDM.
# It is not intended for manual editing.

[metadata]
groups = ["default", "ci", "dev"]
strategy = ["inherit_metadata"]
lock_version = "4.5.0"
content_hash = "sha256:67e2e7e72ea497e43be980ace56bc0dcc25c58fc9552478a7c848745708cf001"

[[metadata.targets]]
requires_python = "==3.13.*"

[[package]]
name = "colorama"
version = "0.4.6"
requires_python = "!=3.0.*,!=3.1.*,!=3.2.*,!=3.3.*,!=3.4.*,!=3.5.*,!=3.6.*,>=2.7"
summary = "Cross-platform colored terminal text."
groups = ["dev"]
marker = "sys_platform == \"win32\""
files = [
    {file = "colorama-0.4.6-py2.py3-none-any.whl", hash = "sha256:4f1d9991f5acc0ca119f9d443620b77f9d6b33703e51011c16baf57afb285fc6"},
    {file = "colorama-0.4.6.tar.gz", hash = "sha256:08695f5cb7ed6e0531a20572697297273c47b8cae5a63ffc6d6ed5c201be6e44"},
]

[[package]]
name = "git-cliff"
version = "2.9.1"
requires_python = ">=3.7"
summary = "A highly customizable changelog generator ⛰️"
groups = ["ci"]
files = [
    {file = "git_cliff-2.9.1-py3-none-macosx_10_12_x86_64.whl", hash = "sha256:220620392ccd6c12a49f816baaea530c32d96b54fce0ebdb7b688b4ba38a0627"},
    {file = "git_cliff-2.9.1-py3-none-macosx_11_0_arm64.whl", hash = "sha256:f0790924301176bcf6cab274d4d8b791ffc6791a6541929c29a2c81a10ca0d82"},
    {file = "git_cliff-2.9.1-py3-none-manylinux_2_17_aarch64.manylinux2014_aarch64.whl", hash = "sha256:74afc8b388f32f4661e81c758218578cd7fef36fcc60ffe035027f8eb7b9f9c6"},
    {file = "git_cliff-2.9.1-py3-none-manylinux_2_17_x86_64.manylinux2014_x86_64.whl", hash = "sha256:7cee37c70b0ce28d39ad64bdc8eb9d09e415722fd040f61362c5a8c0a85a5161"},
    {file = "git_cliff-2.9.1-py3-none-manylinux_2_28_aarch64.whl", hash = "sha256:555493177f69b4471996f3a80c1f05c3203789080dde96c7b5a05f05aa3f7c49"},
    {file = "git_cliff-2.9.1-py3-none-manylinux_2_5_i686.manylinux1_i686.whl", hash = "sha256:45dfefb7f4589fa73a8ae95bfadb233988f64098a08ecd3724334ae58121e004"},
    {file = "git_cliff-2.9.1-py3-none-manylinux_2_5_x86_64.manylinux1_x86_64.whl", hash = "sha256:067a5112999bdb917dcd9cd4b195f32cb0fcd1a0161035f443c02a3536252727"},
    {file = "git_cliff-2.9.1-py3-none-win32.whl", hash = "sha256:bd15d7a5b6c69546454fd5f89b091e6210fa9c24abc5c0d86c2662b7896ec55f"},
    {file = "git_cliff-2.9.1-py3-none-win_amd64.whl", hash = "sha256:840f02dff8adcaecb3dd76bb01cea947633b71341cf42716965d3611f3f315d9"},
    {file = "git_cliff-2.9.1.tar.gz", hash = "sha256:5b9e69b29f076984ebf88489bddedd45c87f54ad354866e7fc031d87a7686a25"},
]

[[package]]
name = "iniconfig"
version = "2.1.0"
requires_python = ">=3.8"
summary = "brain-dead simple config-ini parsing"
groups = ["dev"]
files = [
    {file = "iniconfig-2.1.0-py3-none-any.whl", hash = "sha256:9deba5723312380e77435581c6bf4935c94cbfab9b1ed33ef8d238ea168eb760"},
    {file = "iniconfig-2.1.0.tar.gz", hash = "sha256:3abbd2e30b36733fee78f9c7f7308f2d0050e88f0087fd25c2645f63c773e1c7"},
]

[[package]]
name = "packaging"
version = "25.0"
requires_python = ">=3.8"
summary = "Core utilities for Python packages"
groups = ["dev"]
files = [
    {file = "packaging-25.0-py3-none-any.whl", hash = "sha256:29572ef2b1f17581046b3a2227d5c611fb25ec70ca1ba8554b24b0e69331a484"},
    {file = "packaging-25.0.tar.gz", hash = "sha256:d443872c98d677bf60f6a1f2f8c1cb748e8fe762d2bf9d3148b5599295b0fc4f"},
]

[[package]]
name = "pluggy"
version = "1.6.0"
requires_python = ">=3.9"
summary = "plugin and hook calling mechanisms for python"
groups = ["dev"]
files = [
    {file = "pluggy-1.6.0-py3-none-any.whl", hash = "sha256:e920276dd6813095e9377c0bc5566d94c932c33b27a3e3945d8389c374dd4746"},
    {file = "pluggy-1.6.0.tar.gz", hash = "sha256:7dcc130b76258d33b90f61b658791dede3486c3e6bfb003ee5c9bfb396dd22f3"},
]

[[package]]
name = "pygments"
version = "2.19.1"
requires_python = ">=3.8"
summary = "Pygments is a syntax highlighting package written in Python."
groups = ["dev"]
files = [
    {file = "pygments-2.19.1-py3-none-any.whl", hash = "sha256:9ea1544ad55cecf4b8242fab6dd35a93bbce657034b0611ee383099054ab6d8c"},
    {file = "pygments-2.19.1.tar.gz", hash = "sha256:61c16d2a8576dc0649d9f39e089b5f02bcd27fba10d8fb4dcc28173f7a45151f"},
]

[[package]]
name = "pytest"
version = "8.4.0"
requires_python = ">=3.9"
summary = "pytest: simple powerful testing with Python"
groups = ["dev"]
dependencies = [
    "colorama>=0.4; sys_platform == \"win32\"",
    "exceptiongroup>=1; python_version < \"3.11\"",
    "iniconfig>=1",
    "packaging>=20",
    "pluggy<2,>=1.5",
    "pygments>=2.7.2",
    "tomli>=1; python_version < \"3.11\"",
]
files = [
    {file = "pytest-8.4.0-py3-none-any.whl", hash = "sha256:f40f825768ad76c0977cbacdf1fd37c6f7a468e460ea6a0636078f8972d4517e"},
    {file = "pytest-8.4.0.tar.gz", hash = "sha256:14d920b48472ea0dbf68e45b96cd1ffda4705f33307dcc86c676c1b5104838a6"},
]
